
Microsoft Visual Studio Solution File, Format Version 12.00
# Visual Studio Version 17
VisualStudioVersion = 17.9.34728.123
MinimumVisualStudioVersion = 10.0.40219.1
Project("{9A19103F-16F7-4668-BE54-9A1E7A4F7556}") = "1.1 Weapon", "1.1 Weapon.csproj", "{B176EE7C-8AA1-44AA-855A-8BD018B70CCF}"
EndProject
Global
	GlobalSection(SolutionConfigurationPlatforms) = preSolution
		Debug|Any CPU = Debug|Any CPU
		Release|Any CPU = Release|Any CPU
	EndGlobalSection
	GlobalSection(ProjectConfigurationPlatforms) = postSolution
		{B176EE7C-8AA1-44AA-855A-8BD018B70CCF}.Debug|Any CPU.ActiveCfg = Debug|Any CPU
		{B176EE7C-8AA1-44AA-855A-8BD018B70CCF}.Debug|Any CPU.Build.0 = Debug|Any CPU
		{B176EE7C-8AA1-44AA-855A-8BD018B70CCF}.Release|Any CPU.ActiveCfg = Release|Any CPU
		{B176EE7C-8AA1-44AA-855A-8BD018B70CCF}.Release|Any CPU.Build.0 = Release|Any CPU
	EndGlobalSection
	GlobalSection(SolutionProperties) = preSolution
		HideSolutionNode = FALSE
	EndGlobalSection
	GlobalSection(ExtensibilityGlobals) = postSolution
		SolutionGuid = {6C34F0E1-83AD-45EB-9659-3486523C38DB}
	EndGlobalSection
EndGlobal
