
Microsoft Visual Studio Solution File, Format Version 12.00
# Visual Studio Version 17
VisualStudioVersion = 17.7.34202.233
MinimumVisualStudioVersion = 10.0.40219.1
Project("{2150E333-8FDC-42A3-9474-1A3956D46DE8}") = "Napilnik", "Napilnik", "{0C627F9F-BFED-44A1-A437-8F364AD160AC}"
	ProjectSection(SolutionItems) = preProject
		Napilnik\2.1 Logging\2.1 Logging.csproj = Napilnik\2.1 Logging\2.1 Logging.csproj
	EndProjectSection
EndProject
Project("{2150E333-8FDC-42A3-9474-1A3956D46DE8}") = "6_OOP", "6_OOP", "{79A3688D-CDB6-4DA4-B556-72DCBE4FD7D4}"
EndProject
Project("{9A19103F-16F7-4668-BE54-9A1E7A4F7556}") = "6_3_PlayersDatabase", "6 OOP\6_3_PlayersDatabase\6_3_PlayersDatabase.csproj", "{F970F764-DE2D-4BB8-AC99-730C5306187C}"
EndProject
Project("{9A19103F-16F7-4668-BE54-9A1E7A4F7556}") = "6_4_Deck", "6 OOP\6_4_Desk\6_4_Deck.csproj", "{B4167273-36FC-4A77-B3B8-B1E7BC1FAA55}"
EndProject
Project("{9A19103F-16F7-4668-BE54-9A1E7A4F7556}") = "6_5_Library", "6 OOP\6_5_Library\6_5_Library.csproj", "{8AE996BA-14E1-4488-8455-0CB53AF9852E}"
EndProject
Project("{9A19103F-16F7-4668-BE54-9A1E7A4F7556}") = "6_6_Shop", "6 OOP\6_6_Shop\6_6_Shop.csproj", "{A9EBFBCE-4B3D-448C-B8EA-FF5F00F4DD26}"
EndProject
Project("{9A19103F-16F7-4668-BE54-9A1E7A4F7556}") = "6_7_Trains", "6 OOP\6_7_Trains\6_7_Trains.csproj", "{3DF3A69A-636A-4B80-95C5-E0E6861200CF}"
EndProject
Project("{9A19103F-16F7-4668-BE54-9A1E7A4F7556}") = "6_12_Zoo", "6 OOP\Zoo\6_12_Zoo.csproj", "{A1C9FC29-B967-478A-A975-70F0F9035285}"
EndProject
Project("{9A19103F-16F7-4668-BE54-9A1E7A4F7556}") = "1.4 PaymentSystems", "Napilnik\1.4 PaymentSystems\1.4 PaymentSystems.csproj", "{E4CA0575-C3C2-4B54-9744-D74FBD8B0E96}"
EndProject
Project("{9A19103F-16F7-4668-BE54-9A1E7A4F7556}") = "OCP", "Napilnik\OCP\OCP.csproj", "{FC2B629B-9674-4934-90F0-E7FFE80469CE}"
EndProject
Project("{9A19103F-16F7-4668-BE54-9A1E7A4F7556}") = "Mentor", "Mentor\Mentor.csproj", "{0D73A3A7-8E77-4F7C-BE79-766E57A8E110}"
EndProject
Project("{9A19103F-16F7-4668-BE54-9A1E7A4F7556}") = "1.1 Weapon", "Napilnik\1.1 Weapon\1.1 Weapon.csproj", "{5081758E-276C-480F-8CC9-8D85D7161C10}"
EndProject
Project("{9A19103F-16F7-4668-BE54-9A1E7A4F7556}") = "1.2 WebShop", "Napilnik\1.2 WebShop\1.2 WebShop.csproj", "{F00EE764-AF82-4B96-A1A4-2ACB8AFCCAEF}"
EndProject
Project("{9A19103F-16F7-4668-BE54-9A1E7A4F7556}") = "2.2 PaymentSystems", "Napilnik\2.2 PaymentSystems\2.2 PaymentSystems.csproj", "{3E21E97E-91D4-4D3B-97F6-47E695BEAEEF}"
EndProject
Project("{FAE04EC0-301F-11D3-BF4B-00C04F79EFBC}") = "MVP", "MVP\MVP.csproj", "{72C59800-7F09-48B7-9732-0D56A46A46FF}"
EndProject
Global
	GlobalSection(SolutionConfigurationPlatforms) = preSolution
		Debug|Any CPU = Debug|Any CPU
		Release|Any CPU = Release|Any CPU
	EndGlobalSection
	GlobalSection(ProjectConfigurationPlatforms) = postSolution
		{F970F764-DE2D-4BB8-AC99-730C5306187C}.Debug|Any CPU.ActiveCfg = Debug|Any CPU
		{F970F764-DE2D-4BB8-AC99-730C5306187C}.Debug|Any CPU.Build.0 = Debug|Any CPU
		{F970F764-DE2D-4BB8-AC99-730C5306187C}.Release|Any CPU.ActiveCfg = Release|Any CPU
		{F970F764-DE2D-4BB8-AC99-730C5306187C}.Release|Any CPU.Build.0 = Release|Any CPU
		{B4167273-36FC-4A77-B3B8-B1E7BC1FAA55}.Debug|Any CPU.ActiveCfg = Debug|Any CPU
		{B4167273-36FC-4A77-B3B8-B1E7BC1FAA55}.Debug|Any CPU.Build.0 = Debug|Any CPU
		{B4167273-36FC-4A77-B3B8-B1E7BC1FAA55}.Release|Any CPU.ActiveCfg = Release|Any CPU
		{B4167273-36FC-4A77-B3B8-B1E7BC1FAA55}.Release|Any CPU.Build.0 = Release|Any CPU
		{8AE996BA-14E1-4488-8455-0CB53AF9852E}.Debug|Any CPU.ActiveCfg = Debug|Any CPU
		{8AE996BA-14E1-4488-8455-0CB53AF9852E}.Debug|Any CPU.Build.0 = Debug|Any CPU
		{8AE996BA-14E1-4488-8455-0CB53AF9852E}.Release|Any CPU.ActiveCfg = Release|Any CPU
		{8AE996BA-14E1-4488-8455-0CB53AF9852E}.Release|Any CPU.Build.0 = Release|Any CPU
		{A9EBFBCE-4B3D-448C-B8EA-FF5F00F4DD26}.Debug|Any CPU.ActiveCfg = Debug|Any CPU
		{A9EBFBCE-4B3D-448C-B8EA-FF5F00F4DD26}.Debug|Any CPU.Build.0 = Debug|Any CPU
		{A9EBFBCE-4B3D-448C-B8EA-FF5F00F4DD26}.Release|Any CPU.ActiveCfg = Release|Any CPU
		{A9EBFBCE-4B3D-448C-B8EA-FF5F00F4DD26}.Release|Any CPU.Build.0 = Release|Any CPU
		{3DF3A69A-636A-4B80-95C5-E0E6861200CF}.Debug|Any CPU.ActiveCfg = Debug|Any CPU
		{3DF3A69A-636A-4B80-95C5-E0E6861200CF}.Debug|Any CPU.Build.0 = Debug|Any CPU
		{3DF3A69A-636A-4B80-95C5-E0E6861200CF}.Release|Any CPU.ActiveCfg = Release|Any CPU
		{3DF3A69A-636A-4B80-95C5-E0E6861200CF}.Release|Any CPU.Build.0 = Release|Any CPU
		{A1C9FC29-B967-478A-A975-70F0F9035285}.Debug|Any CPU.ActiveCfg = Debug|Any CPU
		{A1C9FC29-B967-478A-A975-70F0F9035285}.Debug|Any CPU.Build.0 = Debug|Any CPU
		{A1C9FC29-B967-478A-A975-70F0F9035285}.Release|Any CPU.ActiveCfg = Release|Any CPU
		{A1C9FC29-B967-478A-A975-70F0F9035285}.Release|Any CPU.Build.0 = Release|Any CPU
		{E4CA0575-C3C2-4B54-9744-D74FBD8B0E96}.Debug|Any CPU.ActiveCfg = Debug|Any CPU
		{E4CA0575-C3C2-4B54-9744-D74FBD8B0E96}.Debug|Any CPU.Build.0 = Debug|Any CPU
		{E4CA0575-C3C2-4B54-9744-D74FBD8B0E96}.Release|Any CPU.ActiveCfg = Release|Any CPU
		{E4CA0575-C3C2-4B54-9744-D74FBD8B0E96}.Release|Any CPU.Build.0 = Release|Any CPU
		{FC2B629B-9674-4934-90F0-E7FFE80469CE}.Debug|Any CPU.ActiveCfg = Debug|Any CPU
		{FC2B629B-9674-4934-90F0-E7FFE80469CE}.Debug|Any CPU.Build.0 = Debug|Any CPU
		{FC2B629B-9674-4934-90F0-E7FFE80469CE}.Release|Any CPU.ActiveCfg = Release|Any CPU
		{FC2B629B-9674-4934-90F0-E7FFE80469CE}.Release|Any CPU.Build.0 = Release|Any CPU
		{0D73A3A7-8E77-4F7C-BE79-766E57A8E110}.Debug|Any CPU.ActiveCfg = Debug|Any CPU
		{0D73A3A7-8E77-4F7C-BE79-766E57A8E110}.Debug|Any CPU.Build.0 = Debug|Any CPU
		{0D73A3A7-8E77-4F7C-BE79-766E57A8E110}.Release|Any CPU.ActiveCfg = Release|Any CPU
		{0D73A3A7-8E77-4F7C-BE79-766E57A8E110}.Release|Any CPU.Build.0 = Release|Any CPU
		{5081758E-276C-480F-8CC9-8D85D7161C10}.Debug|Any CPU.ActiveCfg = Debug|Any CPU
		{5081758E-276C-480F-8CC9-8D85D7161C10}.Debug|Any CPU.Build.0 = Debug|Any CPU
		{5081758E-276C-480F-8CC9-8D85D7161C10}.Release|Any CPU.ActiveCfg = Release|Any CPU
		{5081758E-276C-480F-8CC9-8D85D7161C10}.Release|Any CPU.Build.0 = Release|Any CPU
		{F00EE764-AF82-4B96-A1A4-2ACB8AFCCAEF}.Debug|Any CPU.ActiveCfg = Debug|Any CPU
		{F00EE764-AF82-4B96-A1A4-2ACB8AFCCAEF}.Debug|Any CPU.Build.0 = Debug|Any CPU
		{F00EE764-AF82-4B96-A1A4-2ACB8AFCCAEF}.Release|Any CPU.ActiveCfg = Release|Any CPU
		{F00EE764-AF82-4B96-A1A4-2ACB8AFCCAEF}.Release|Any CPU.Build.0 = Release|Any CPU
		{3E21E97E-91D4-4D3B-97F6-47E695BEAEEF}.Debug|Any CPU.ActiveCfg = Debug|Any CPU
		{3E21E97E-91D4-4D3B-97F6-47E695BEAEEF}.Debug|Any CPU.Build.0 = Debug|Any CPU
		{3E21E97E-91D4-4D3B-97F6-47E695BEAEEF}.Release|Any CPU.ActiveCfg = Release|Any CPU
		{3E21E97E-91D4-4D3B-97F6-47E695BEAEEF}.Release|Any CPU.Build.0 = Release|Any CPU
		{72C59800-7F09-48B7-9732-0D56A46A46FF}.Debug|Any CPU.ActiveCfg = Debug|Any CPU
		{72C59800-7F09-48B7-9732-0D56A46A46FF}.Debug|Any CPU.Build.0 = Debug|Any CPU
		{72C59800-7F09-48B7-9732-0D56A46A46FF}.Release|Any CPU.ActiveCfg = Release|Any CPU
		{72C59800-7F09-48B7-9732-0D56A46A46FF}.Release|Any CPU.Build.0 = Release|Any CPU
	EndGlobalSection
	GlobalSection(SolutionProperties) = preSolution
		HideSolutionNode = FALSE
	EndGlobalSection
	GlobalSection(NestedProjects) = preSolution
		{F970F764-DE2D-4BB8-AC99-730C5306187C} = {79A3688D-CDB6-4DA4-B556-72DCBE4FD7D4}
		{B4167273-36FC-4A77-B3B8-B1E7BC1FAA55} = {79A3688D-CDB6-4DA4-B556-72DCBE4FD7D4}
		{8AE996BA-14E1-4488-8455-0CB53AF9852E} = {79A3688D-CDB6-4DA4-B556-72DCBE4FD7D4}
		{A9EBFBCE-4B3D-448C-B8EA-FF5F00F4DD26} = {79A3688D-CDB6-4DA4-B556-72DCBE4FD7D4}
		{3DF3A69A-636A-4B80-95C5-E0E6861200CF} = {79A3688D-CDB6-4DA4-B556-72DCBE4FD7D4}
		{A1C9FC29-B967-478A-A975-70F0F9035285} = {79A3688D-CDB6-4DA4-B556-72DCBE4FD7D4}
		{E4CA0575-C3C2-4B54-9744-D74FBD8B0E96} = {0C627F9F-BFED-44A1-A437-8F364AD160AC}
		{FC2B629B-9674-4934-90F0-E7FFE80469CE} = {0C627F9F-BFED-44A1-A437-8F364AD160AC}
		{5081758E-276C-480F-8CC9-8D85D7161C10} = {0C627F9F-BFED-44A1-A437-8F364AD160AC}
		{F00EE764-AF82-4B96-A1A4-2ACB8AFCCAEF} = {0C627F9F-BFED-44A1-A437-8F364AD160AC}
		{3E21E97E-91D4-4D3B-97F6-47E695BEAEEF} = {0C627F9F-BFED-44A1-A437-8F364AD160AC}
		{72C59800-7F09-48B7-9732-0D56A46A46FF} = {0C627F9F-BFED-44A1-A437-8F364AD160AC}
	EndGlobalSection
	GlobalSection(ExtensibilityGlobals) = postSolution
		SolutionGuid = {7E364445-7E8D-4B60-89C1-6311BACD967D}
	EndGlobalSection
EndGlobal
